
Microsoft Visual Studio Solution File, Format Version 12.00
# Visual Studio Version 17
VisualStudioVersion = 17.12.35527.113 d17.12
MinimumVisualStudioVersion = 10.0.40219.1
Project("{FAE04EC0-301F-11D3-BF4B-00C04F79EFBC}") = "Quantidade_combustivel", "Quantidade_combustivel\Quantidade_combustivel.csproj", "{018EB284-58AB-4EDA-9453-76E7A7D0E336}"
EndProject
Global
	GlobalSection(SolutionConfigurationPlatforms) = preSolution
		Debug|Any CPU = Debug|Any CPU
		Release|Any CPU = Release|Any CPU
	EndGlobalSection
	GlobalSection(ProjectConfigurationPlatforms) = postSolution
		{018EB284-58AB-4EDA-9453-76E7A7D0E336}.Debug|Any CPU.ActiveCfg = Debug|Any CPU
		{018EB284-58AB-4EDA-9453-76E7A7D0E336}.Debug|Any CPU.Build.0 = Debug|Any CPU
		{018EB284-58AB-4EDA-9453-76E7A7D0E336}.Release|Any CPU.ActiveCfg = Release|Any CPU
		{018EB284-58AB-4EDA-9453-76E7A7D0E336}.Release|Any CPU.Build.0 = Release|Any CPU
	EndGlobalSection
	GlobalSection(SolutionProperties) = preSolution
		HideSolutionNode = FALSE
	EndGlobalSection
EndGlobal
