
Microsoft Visual Studio Solution File, Format Version 12.00
# Visual Studio Version 17
VisualStudioVersion = 17.12.35527.113 d17.12
MinimumVisualStudioVersion = 10.0.40219.1
Project("{FAE04EC0-301F-11D3-BF4B-00C04F79EFBC}") = "Verificar_senha_usuario", "Verificar_senha_usuario\Verificar_senha_usuario.csproj", "{27631953-8BF8-4814-B3FA-A93E44D5230B}"
EndProject
Global
	GlobalSection(SolutionConfigurationPlatforms) = preSolution
		Debug|Any CPU = Debug|Any CPU
		Release|Any CPU = Release|Any CPU
	EndGlobalSection
	GlobalSection(ProjectConfigurationPlatforms) = postSolution
		{27631953-8BF8-4814-B3FA-A93E44D5230B}.Debug|Any CPU.ActiveCfg = Debug|Any CPU
		{27631953-8BF8-4814-B3FA-A93E44D5230B}.Debug|Any CPU.Build.0 = Debug|Any CPU
		{27631953-8BF8-4814-B3FA-A93E44D5230B}.Release|Any CPU.ActiveCfg = Release|Any CPU
		{27631953-8BF8-4814-B3FA-A93E44D5230B}.Release|Any CPU.Build.0 = Release|Any CPU
	EndGlobalSection
	GlobalSection(SolutionProperties) = preSolution
		HideSolutionNode = FALSE
	EndGlobalSection
EndGlobal
