
Microsoft Visual Studio Solution File, Format Version 12.00
# Visual Studio Version 17
VisualStudioVersion = 17.12.35527.113 d17.12
MinimumVisualStudioVersion = 10.0.40219.1
Project("{FAE04EC0-301F-11D3-BF4B-00C04F79EFBC}") = "Antecessor_sucessor_numero", "Antecessor_sucessor_numero\Antecessor_sucessor_numero.csproj", "{4411FC11-3B42-4EB4-AF5B-52B6D191B579}"
EndProject
Global
	GlobalSection(SolutionConfigurationPlatforms) = preSolution
		Debug|Any CPU = Debug|Any CPU
		Release|Any CPU = Release|Any CPU
	EndGlobalSection
	GlobalSection(ProjectConfigurationPlatforms) = postSolution
		{4411FC11-3B42-4EB4-AF5B-52B6D191B579}.Debug|Any CPU.ActiveCfg = Debug|Any CPU
		{4411FC11-3B42-4EB4-AF5B-52B6D191B579}.Debug|Any CPU.Build.0 = Debug|Any CPU
		{4411FC11-3B42-4EB4-AF5B-52B6D191B579}.Release|Any CPU.ActiveCfg = Release|Any CPU
		{4411FC11-3B42-4EB4-AF5B-52B6D191B579}.Release|Any CPU.Build.0 = Release|Any CPU
	EndGlobalSection
	GlobalSection(SolutionProperties) = preSolution
		HideSolutionNode = FALSE
	EndGlobalSection
EndGlobal
