
Microsoft Visual Studio Solution File, Format Version 12.00
# Visual Studio Version 17
VisualStudioVersion = 17.12.35527.113 d17.12
MinimumVisualStudioVersion = 10.0.40219.1
Project("{FAE04EC0-301F-11D3-BF4B-00C04F79EFBC}") = "Altura_francisco", "Altura_francisco\Altura_francisco.csproj", "{9EAD1AF3-089C-458B-AE04-2F6FAC92F00C}"
EndProject
Global
	GlobalSection(SolutionConfigurationPlatforms) = preSolution
		Debug|Any CPU = Debug|Any CPU
		Release|Any CPU = Release|Any CPU
	EndGlobalSection
	GlobalSection(ProjectConfigurationPlatforms) = postSolution
		{9EAD1AF3-089C-458B-AE04-2F6FAC92F00C}.Debug|Any CPU.ActiveCfg = Debug|Any CPU
		{9EAD1AF3-089C-458B-AE04-2F6FAC92F00C}.Debug|Any CPU.Build.0 = Debug|Any CPU
		{9EAD1AF3-089C-458B-AE04-2F6FAC92F00C}.Release|Any CPU.ActiveCfg = Release|Any CPU
		{9EAD1AF3-089C-458B-AE04-2F6FAC92F00C}.Release|Any CPU.Build.0 = Release|Any CPU
	EndGlobalSection
	GlobalSection(SolutionProperties) = preSolution
		HideSolutionNode = FALSE
	EndGlobalSection
EndGlobal
