
Microsoft Visual Studio Solution File, Format Version 12.00
# Visual Studio Version 17
VisualStudioVersion = 17.12.35527.113 d17.12
MinimumVisualStudioVersion = 10.0.40219.1
Project("{FAE04EC0-301F-11D3-BF4B-00C04F79EFBC}") = "Compra_de_ingresso", "Compra_de_ingresso\Compra_de_ingresso.csproj", "{D30DB3F8-2955-4A17-B644-F3861074EB6B}"
EndProject
Global
	GlobalSection(SolutionConfigurationPlatforms) = preSolution
		Debug|Any CPU = Debug|Any CPU
		Release|Any CPU = Release|Any CPU
	EndGlobalSection
	GlobalSection(ProjectConfigurationPlatforms) = postSolution
		{D30DB3F8-2955-4A17-B644-F3861074EB6B}.Debug|Any CPU.ActiveCfg = Debug|Any CPU
		{D30DB3F8-2955-4A17-B644-F3861074EB6B}.Debug|Any CPU.Build.0 = Debug|Any CPU
		{D30DB3F8-2955-4A17-B644-F3861074EB6B}.Release|Any CPU.ActiveCfg = Release|Any CPU
		{D30DB3F8-2955-4A17-B644-F3861074EB6B}.Release|Any CPU.Build.0 = Release|Any CPU
	EndGlobalSection
	GlobalSection(SolutionProperties) = preSolution
		HideSolutionNode = FALSE
	EndGlobalSection
EndGlobal
