
Microsoft Visual Studio Solution File, Format Version 12.00
# Visual Studio Version 17
VisualStudioVersion = 17.12.35527.113 d17.12
MinimumVisualStudioVersion = 10.0.40219.1
Project("{FAE04EC0-301F-11D3-BF4B-00C04F79EFBC}") = "Verificar_perna_maior", "Verificar_perna_maior\Verificar_perna_maior.csproj", "{DE147227-EAD2-4BE4-B662-B34497CCC4F8}"
EndProject
Global
	GlobalSection(SolutionConfigurationPlatforms) = preSolution
		Debug|Any CPU = Debug|Any CPU
		Release|Any CPU = Release|Any CPU
	EndGlobalSection
	GlobalSection(ProjectConfigurationPlatforms) = postSolution
		{DE147227-EAD2-4BE4-B662-B34497CCC4F8}.Debug|Any CPU.ActiveCfg = Debug|Any CPU
		{DE147227-EAD2-4BE4-B662-B34497CCC4F8}.Debug|Any CPU.Build.0 = Debug|Any CPU
		{DE147227-EAD2-4BE4-B662-B34497CCC4F8}.Release|Any CPU.ActiveCfg = Release|Any CPU
		{DE147227-EAD2-4BE4-B662-B34497CCC4F8}.Release|Any CPU.Build.0 = Release|Any CPU
	EndGlobalSection
	GlobalSection(SolutionProperties) = preSolution
		HideSolutionNode = FALSE
	EndGlobalSection
EndGlobal
